
Microsoft Visual Studio Solution File, Format Version 12.00
# Visual Studio Version 17
VisualStudioVersion = 17.1.32328.378
MinimumVisualStudioVersion = 10.0.40219.1
Project("{FAE04EC0-301F-11D3-BF4B-00C04F79EFBC}") = "Tprog 0.1", "Tprog 0.1.csproj", "{02284179-FB7C-430A-A99A-42A20F2B0B21}"
EndProject
Global
	GlobalSection(SolutionConfigurationPlatforms) = preSolution
		Debug|Any CPU = Debug|Any CPU
		Release|Any CPU = Release|Any CPU
	EndGlobalSection
	GlobalSection(ProjectConfigurationPlatforms) = postSolution
		{02284179-FB7C-430A-A99A-42A20F2B0B21}.Debug|Any CPU.ActiveCfg = Debug|Any CPU
		{02284179-FB7C-430A-A99A-42A20F2B0B21}.Debug|Any CPU.Build.0 = Debug|Any CPU
		{02284179-FB7C-430A-A99A-42A20F2B0B21}.Release|Any CPU.ActiveCfg = Release|Any CPU
		{02284179-FB7C-430A-A99A-42A20F2B0B21}.Release|Any CPU.Build.0 = Release|Any CPU
	EndGlobalSection
	GlobalSection(SolutionProperties) = preSolution
		HideSolutionNode = FALSE
	EndGlobalSection
	GlobalSection(ExtensibilityGlobals) = postSolution
		SolutionGuid = {891C73FA-5136-4042-80BC-4F24FBE39219}
	EndGlobalSection
EndGlobal
